// !$*UTF8*$!
{
	archiveVersion = 1;
	classes = {
	};
	objectVersion = 55;
	objects = {

/* Begin PBXBuildFile section */
		7DF36435285201D0009DF727 /* Tests_iOS.swift in Sources */ = {isa = PBXBuildFile; fileRef = 7DF36434285201D0009DF727 /* Tests_iOS.swift */; };
		7DF36437285201D0009DF727 /* Tests_iOSLaunchTests.swift in Sources */ = {isa = PBXBuildFile; fileRef = 7DF36436285201D0009DF727 /* Tests_iOSLaunchTests.swift */; };
		7DF36441285201D0009DF727 /* Tests_macOS.swift in Sources */ = {isa = PBXBuildFile; fileRef = 7DF36440285201D0009DF727 /* Tests_macOS.swift */; };
		7DF36443285201D0009DF727 /* Tests_macOSLaunchTests.swift in Sources */ = {isa = PBXBuildFile; fileRef = 7DF36442285201D0009DF727 /* Tests_macOSLaunchTests.swift */; };
		7DF36444285201D0009DF727 /* whoisApp.swift in Sources */ = {isa = PBXBuildFile; fileRef = 7DF3641C285201CE009DF727 /* whoisApp.swift */; };
		7DF36445285201D0009DF727 /* whoisApp.swift in Sources */ = {isa = PBXBuildFile; fileRef = 7DF3641C285201CE009DF727 /* whoisApp.swift */; };
		7DF36446285201D0009DF727 /* ContentView.swift in Sources */ = {isa = PBXBuildFile; fileRef = 7DF3641D285201CE009DF727 /* ContentView.swift */; };
		7DF36447285201D0009DF727 /* ContentView.swift in Sources */ = {isa = PBXBuildFile; fileRef = 7DF3641D285201CE009DF727 /* ContentView.swift */; };
		7DF36448285201D0009DF727 /* Assets.xcassets in Resources */ = {isa = PBXBuildFile; fileRef = 7DF3641E285201D0009DF727 /* Assets.xcassets */; };
		7DF36449285201D0009DF727 /* Assets.xcassets in Resources */ = {isa = PBXBuildFile; fileRef = 7DF3641E285201D0009DF727 /* Assets.xcassets */; };
/* End PBXBuildFile section */

/* Begin PBXContainerItemProxy section */
		7DF36431285201D0009DF727 /* PBXContainerItemProxy */ = {
			isa = PBXContainerItemProxy;
			containerPortal = 7DF36417285201CE009DF727 /* Project object */;
			proxyType = 1;
			remoteGlobalIDString = 7DF36422285201D0009DF727;
			remoteInfo = "whois (iOS)";
		};
		7DF3643D285201D0009DF727 /* PBXContainerItemProxy */ = {
			isa = PBXContainerItemProxy;
			containerPortal = 7DF36417285201CE009DF727 /* Project object */;
			proxyType = 1;
			remoteGlobalIDString = 7DF36428285201D0009DF727;
			remoteInfo = "whois (macOS)";
		};
/* End PBXContainerItemProxy section */

/* Begin PBXFileReference section */
		7DF3641C285201CE009DF727 /* whoisApp.swift */ = {isa = PBXFileReference; lastKnownFileType = sourcecode.swift; path = whoisApp.swift; sourceTree = "<group>"; };
		7DF3641D285201CE009DF727 /* ContentView.swift */ = {isa = PBXFileReference; lastKnownFileType = sourcecode.swift; path = ContentView.swift; sourceTree = "<group>"; };
		7DF3641E285201D0009DF727 /* Assets.xcassets */ = {isa = PBXFileReference; lastKnownFileType = folder.assetcatalog; path = Assets.xcassets; sourceTree = "<group>"; };
		7DF36423285201D0009DF727 /* whois.app */ = {isa = PBXFileReference; explicitFileType = wrapper.application; includeInIndex = 0; path = whois.app; sourceTree = BUILT_PRODUCTS_DIR; };
		7DF36429285201D0009DF727 /* whois.app */ = {isa = PBXFileReference; explicitFileType = wrapper.application; includeInIndex = 0; path = whois.app; sourceTree = BUILT_PRODUCTS_DIR; };
		7DF3642B285201D0009DF727 /* macOS.entitlements */ = {isa = PBXFileReference; lastKnownFileType = text.plist.entitlements; path = macOS.entitlements; sourceTree = "<group>"; };
		7DF36430285201D0009DF727 /* Tests iOS.xctest */ = {isa = PBXFileReference; explicitFileType = wrapper.cfbundle; includeInIndex = 0; path = "Tests iOS.xctest"; sourceTree = BUILT_PRODUCTS_DIR; };
		7DF36434285201D0009DF727 /* Tests_iOS.swift */ = {isa = PBXFileReference; lastKnownFileType = sourcecode.swift; path = Tests_iOS.swift; sourceTree = "<group>"; };
		7DF36436285201D0009DF727 /* Tests_iOSLaunchTests.swift */ = {isa = PBXFileReference; lastKnownFileType = sourcecode.swift; path = Tests_iOSLaunchTests.swift; sourceTree = "<group>"; };
		7DF3643C285201D0009DF727 /* Tests macOS.xctest */ = {isa = PBXFileReference; explicitFileType = wrapper.cfbundle; includeInIndex = 0; path = "Tests macOS.xctest"; sourceTree = BUILT_PRODUCTS_DIR; };
		7DF36440285201D0009DF727 /* Tests_macOS.swift */ = {isa = PBXFileReference; lastKnownFileType = sourcecode.swift; path = Tests_macOS.swift; sourceTree = "<group>"; };
		7DF36442285201D0009DF727 /* Tests_macOSLaunchTests.swift */ = {isa = PBXFileReference; lastKnownFileType = sourcecode.swift; path = Tests_macOSLaunchTests.swift; sourceTree = "<group>"; };
/* End PBXFileReference section */

/* Begin PBXFrameworksBuildPhase section */
		7DF36420285201D0009DF727 /* Frameworks */ = {
			isa = PBXFrameworksBuildPhase;
			buildActionMask = 2147483647;
			files = (
			);
			runOnlyForDeploymentPostprocessing = 0;
		};
		7DF36426285201D0009DF727 /* Frameworks */ = {
			isa = PBXFrameworksBuildPhase;
			buildActionMask = 2147483647;
			files = (
			);
			runOnlyForDeploymentPostprocessing = 0;
		};
		7DF3642D285201D0009DF727 /* Frameworks */ = {
			isa = PBXFrameworksBuildPhase;
			buildActionMask = 2147483647;
			files = (
			);
			runOnlyForDeploymentPostprocessing = 0;
		};
		7DF36439285201D0009DF727 /* Frameworks */ = {
			isa = PBXFrameworksBuildPhase;
			buildActionMask = 2147483647;
			files = (
			);
			runOnlyForDeploymentPostprocessing = 0;
		};
/* End PBXFrameworksBuildPhase section */

/* Begin PBXGroup section */
		7DF36416285201CE009DF727 = {
			isa = PBXGroup;
			children = (
				7DF3641B285201CE009DF727 /* Shared */,
				7DF3642A285201D0009DF727 /* macOS */,
				7DF36433285201D0009DF727 /* Tests iOS */,
				7DF3643F285201D0009DF727 /* Tests macOS */,
				7DF36424285201D0009DF727 /* Products */,
			);
			sourceTree = "<group>";
		};
		7DF3641B285201CE009DF727 /* Shared */ = {
			isa = PBXGroup;
			children = (
				7DF3641C285201CE009DF727 /* whoisApp.swift */,
				7DF3641D285201CE009DF727 /* ContentView.swift */,
				7DF3641E285201D0009DF727 /* Assets.xcassets */,
			);
			path = Shared;
			sourceTree = "<group>";
		};
		7DF36424285201D0009DF727 /* Products */ = {
			isa = PBXGroup;
			children = (
				7DF36423285201D0009DF727 /* whois.app */,
				7DF36429285201D0009DF727 /* whois.app */,
				7DF36430285201D0009DF727 /* Tests iOS.xctest */,
				7DF3643C285201D0009DF727 /* Tests macOS.xctest */,
			);
			name = Products;
			sourceTree = "<group>";
		};
		7DF3642A285201D0009DF727 /* macOS */ = {
			isa = PBXGroup;
			children = (
				7DF3642B285201D0009DF727 /* macOS.entitlements */,
			);
			path = macOS;
			sourceTree = "<group>";
		};
		7DF36433285201D0009DF727 /* Tests iOS */ = {
			isa = PBXGroup;
			children = (
				7DF36434285201D0009DF727 /* Tests_iOS.swift */,
				7DF36436285201D0009DF727 /* Tests_iOSLaunchTests.swift */,
			);
			path = "Tests iOS";
			sourceTree = "<group>";
		};
		7DF3643F285201D0009DF727 /* Tests macOS */ = {
			isa = PBXGroup;
			children = (
				7DF36440285201D0009DF727 /* Tests_macOS.swift */,
				7DF36442285201D0009DF727 /* Tests_macOSLaunchTests.swift */,
			);
			path = "Tests macOS";
			sourceTree = "<group>";
		};
/* End PBXGroup section */

/* Begin PBXNativeTarget section */
		7DF36422285201D0009DF727 /* whois (iOS) */ = {
			isa = PBXNativeTarget;
			buildConfigurationList = 7DF3644C285201D0009DF727 /* Build configuration list for PBXNativeTarget "whois (iOS)" */;
			buildPhases = (
				7DF3641F285201D0009DF727 /* Sources */,
				7DF36420285201D0009DF727 /* Frameworks */,
				7DF36421285201D0009DF727 /* Resources */,
			);
			buildRules = (
			);
			dependencies = (
			);
			name = "whois (iOS)";
			productName = "whois (iOS)";
			productReference = 7DF36423285201D0009DF727 /* whois.app */;
			productType = "com.apple.product-type.application";
		};
		7DF36428285201D0009DF727 /* whois (macOS) */ = {
			isa = PBXNativeTarget;
			buildConfigurationList = 7DF3644F285201D0009DF727 /* Build configuration list for PBXNativeTarget "whois (macOS)" */;
			buildPhases = (
				7DF36425285201D0009DF727 /* Sources */,
				7DF36426285201D0009DF727 /* Frameworks */,
				7DF36427285201D0009DF727 /* Resources */,
			);
			buildRules = (
			);
			dependencies = (
			);
			name = "whois (macOS)";
			productName = "whois (macOS)";
			productReference = 7DF36429285201D0009DF727 /* whois.app */;
			productType = "com.apple.product-type.application";
		};
		7DF3642F285201D0009DF727 /* Tests iOS */ = {
			isa = PBXNativeTarget;
			buildConfigurationList = 7DF36452285201D0009DF727 /* Build configuration list for PBXNativeTarget "Tests iOS" */;
			buildPhases = (
				7DF3642C285201D0009DF727 /* Sources */,
				7DF3642D285201D0009DF727 /* Frameworks */,
				7DF3642E285201D0009DF727 /* Resources */,
			);
			buildRules = (
			);
			dependencies = (
				7DF36432285201D0009DF727 /* PBXTargetDependency */,
			);
			name = "Tests iOS";
			productName = "Tests iOS";
			productReference = 7DF36430285201D0009DF727 /* Tests iOS.xctest */;
			productType = "com.apple.product-type.bundle.ui-testing";
		};
		7DF3643B285201D0009DF727 /* Tests macOS */ = {
			isa = PBXNativeTarget;
			buildConfigurationList = 7DF36455285201D0009DF727 /* Build configuration list for PBXNativeTarget "Tests macOS" */;
			buildPhases = (
				7DF36438285201D0009DF727 /* Sources */,
				7DF36439285201D0009DF727 /* Frameworks */,
				7DF3643A285201D0009DF727 /* Resources */,
			);
			buildRules = (
			);
			dependencies = (
				7DF3643E285201D0009DF727 /* PBXTargetDependency */,
			);
			name = "Tests macOS";
			productName = "Tests macOS";
			productReference = 7DF3643C285201D0009DF727 /* Tests macOS.xctest */;
			productType = "com.apple.product-type.bundle.ui-testing";
		};
/* End PBXNativeTarget section */

/* Begin PBXProject section */
		7DF36417285201CE009DF727 /* Project object */ = {
			isa = PBXProject;
			attributes = {
				BuildIndependentTargetsInParallel = 1;
				LastSwiftUpdateCheck = 1320;
				LastUpgradeCheck = 1320;
				TargetAttributes = {
					7DF36422285201D0009DF727 = {
						CreatedOnToolsVersion = 13.2.1;
					};
					7DF36428285201D0009DF727 = {
						CreatedOnToolsVersion = 13.2.1;
					};
					7DF3642F285201D0009DF727 = {
						CreatedOnToolsVersion = 13.2.1;
						TestTargetID = 7DF36422285201D0009DF727;
					};
					7DF3643B285201D0009DF727 = {
						CreatedOnToolsVersion = 13.2.1;
						TestTargetID = 7DF36428285201D0009DF727;
					};
				};
			};
			buildConfigurationList = 7DF3641A285201CE009DF727 /* Build configuration list for PBXProject "whois" */;
			compatibilityVersion = "Xcode 13.0";
			developmentRegion = en;
			hasScannedForEncodings = 0;
			knownRegions = (
				en,
				Base,
			);
			mainGroup = 7DF36416285201CE009DF727;
			productRefGroup = 7DF36424285201D0009DF727 /* Products */;
			projectDirPath = "";
			projectRoot = "";
			targets = (
				7DF36422285201D0009DF727 /* whois (iOS) */,
				7DF36428285201D0009DF727 /* whois (macOS) */,
				7DF3642F285201D0009DF727 /* Tests iOS */,
				7DF3643B285201D0009DF727 /* Tests macOS */,
			);
		};
/* End PBXProject section */

/* Begin PBXResourcesBuildPhase section */
		7DF36421285201D0009DF727 /* Resources */ = {
			isa = PBXResourcesBuildPhase;
			buildActionMask = 2147483647;
			files = (
				7DF36448285201D0009DF727 /* Assets.xcassets in Resources */,
			);
			runOnlyForDeploymentPostprocessing = 0;
		};
		7DF36427285201D0009DF727 /* Resources */ = {
			isa = PBXResourcesBuildPhase;
			buildActionMask = 2147483647;
			files = (
				7DF36449285201D0009DF727 /* Assets.xcassets in Resources */,
			);
			runOnlyForDeploymentPostprocessing = 0;
		};
		7DF3642E285201D0009DF727 /* Resources */ = {
			isa = PBXResourcesBuildPhase;
			buildActionMask = 2147483647;
			files = (
			);
			runOnlyForDeploymentPostprocessing = 0;
		};
		7DF3643A285201D0009DF727 /* Resources */ = {
			isa = PBXResourcesBuildPhase;
			buildActionMask = 2147483647;
			files = (
			);
			runOnlyForDeploymentPostprocessing = 0;
		};
/* End PBXResourcesBuildPhase section */

/* Begin PBXSourcesBuildPhase section */
		7DF3641F285201D0009DF727 /* Sources */ = {
			isa = PBXSourcesBuildPhase;
			buildActionMask = 2147483647;
			files = (
				7DF36446285201D0009DF727 /* ContentView.swift in Sources */,
				7DF36444285201D0009DF727 /* whoisApp.swift in Sources */,
			);
			runOnlyForDeploymentPostprocessing = 0;
		};
		7DF36425285201D0009DF727 /* Sources */ = {
			isa = PBXSourcesBuildPhase;
			buildActionMask = 2147483647;
			files = (
				7DF36447285201D0009DF727 /* ContentView.swift in Sources */,
				7DF36445285201D0009DF727 /* whoisApp.swift in Sources */,
			);
			runOnlyForDeploymentPostprocessing = 0;
		};
		7DF3642C285201D0009DF727 /* Sources */ = {
			isa = PBXSourcesBuildPhase;
			buildActionMask = 2147483647;
			files = (
				7DF36437285201D0009DF727 /* Tests_iOSLaunchTests.swift in Sources */,
				7DF36435285201D0009DF727 /* Tests_iOS.swift in Sources */,
			);
			runOnlyForDeploymentPostprocessing = 0;
		};
		7DF36438285201D0009DF727 /* Sources */ = {
			isa = PBXSourcesBuildPhase;
			buildActionMask = 2147483647;
			files = (
				7DF36443285201D0009DF727 /* Tests_macOSLaunchTests.swift in Sources */,
				7DF36441285201D0009DF727 /* Tests_macOS.swift in Sources */,
			);
			runOnlyForDeploymentPostprocessing = 0;
		};
/* End PBXSourcesBuildPhase section */

/* Begin PBXTargetDependency section */
		7DF36432285201D0009DF727 /* PBXTargetDependency */ = {
			isa = PBXTargetDependency;
			target = 7DF36422285201D0009DF727 /* whois (iOS) */;
			targetProxy = 7DF36431285201D0009DF727 /* PBXContainerItemProxy */;
		};
		7DF3643E285201D0009DF727 /* PBXTargetDependency */ = {
			isa = PBXTargetDependency;
			target = 7DF36428285201D0009DF727 /* whois (macOS) */;
			targetProxy = 7DF3643D285201D0009DF727 /* PBXContainerItemProxy */;
		};
/* End PBXTargetDependency section */

/* Begin XCBuildConfiguration section */
		7DF3644A285201D0009DF727 /* Debug */ = {
			isa = XCBuildConfiguration;
			buildSettings = {
				ALWAYS_SEARCH_USER_PATHS = NO;
				CLANG_ANALYZER_NONNULL = YES;
				CLANG_ANALYZER_NUMBER_OBJECT_CONVERSION = YES_AGGRESSIVE;
				CLANG_CXX_LANGUAGE_STANDARD = "gnu++17";
				CLANG_CXX_LIBRARY = "libc++";
				CLANG_ENABLE_MODULES = YES;
				CLANG_ENABLE_OBJC_ARC = YES;
				CLANG_ENABLE_OBJC_WEAK = YES;
				CLANG_WARN_BLOCK_CAPTURE_AUTORELEASING = YES;
				CLANG_WARN_BOOL_CONVERSION = YES;
				CLANG_WARN_COMMA = YES;
				CLANG_WARN_CONSTANT_CONVERSION = YES;
				CLANG_WARN_DEPRECATED_OBJC_IMPLEMENTATIONS = YES;
				CLANG_WARN_DIRECT_OBJC_ISA_USAGE = YES_ERROR;
				CLANG_WARN_DOCUMENTATION_COMMENTS = YES;
				CLANG_WARN_EMPTY_BODY = YES;
				CLANG_WARN_ENUM_CONVERSION = YES;
				CLANG_WARN_INFINITE_RECURSION = YES;
				CLANG_WARN_INT_CONVERSION = YES;
				CLANG_WARN_NON_LITERAL_NULL_CONVERSION = YES;
				CLANG_WARN_OBJC_IMPLICIT_RETAIN_SELF = YES;
				CLANG_WARN_OBJC_LITERAL_CONVERSION = YES;
				CLANG_WARN_OBJC_ROOT_CLASS = YES_ERROR;
				CLANG_WARN_QUOTED_INCLUDE_IN_FRAMEWORK_HEADER = YES;
				CLANG_WARN_RANGE_LOOP_ANALYSIS = YES;
				CLANG_WARN_STRICT_PROTOTYPES = YES;
				CLANG_WARN_SUSPICIOUS_MOVE = YES;
				CLANG_WARN_UNGUARDED_AVAILABILITY = YES_AGGRESSIVE;
				CLANG_WARN_UNREACHABLE_CODE = YES;
				CLANG_WARN__DUPLICATE_METHOD_MATCH = YES;
				COPY_PHASE_STRIP = NO;
				DEBUG_INFORMATION_FORMAT = dwarf;
				ENABLE_STRICT_OBJC_MSGSEND = YES;
				ENABLE_TESTABILITY = YES;
				GCC_C_LANGUAGE_STANDARD = gnu11;
				GCC_DYNAMIC_NO_PIC = NO;
				GCC_NO_COMMON_BLOCKS = YES;
				GCC_OPTIMIZATION_LEVEL = 0;
				GCC_PREPROCESSOR_DEFINITIONS = (
					"DEBUG=1",
					"$(inherited)",
				);
				GCC_WARN_64_TO_32_BIT_CONVERSION = YES;
				GCC_WARN_ABOUT_RETURN_TYPE = YES_ERROR;
				GCC_WARN_UNDECLARED_SELECTOR = YES;
				GCC_WARN_UNINITIALIZED_AUTOS = YES_AGGRESSIVE;
				GCC_WARN_UNUSED_FUNCTION = YES;
				GCC_WARN_UNUSED_VARIABLE = YES;
				MTL_ENABLE_DEBUG_INFO = INCLUDE_SOURCE;
				MTL_FAST_MATH = YES;
				ONLY_ACTIVE_ARCH = YES;
				SWIFT_ACTIVE_COMPILATION_CONDITIONS = DEBUG;
				SWIFT_OPTIMIZATION_LEVEL = "-Onone";
			};
			name = Debug;
		};
		7DF3644B285201D0009DF727 /* Release */ = {
			isa = XCBuildConfiguration;
			buildSettings = {
				ALWAYS_SEARCH_USER_PATHS = NO;
				CLANG_ANALYZER_NONNULL = YES;
				CLANG_ANALYZER_NUMBER_OBJECT_CONVERSION = YES_AGGRESSIVE;
				CLANG_CXX_LANGUAGE_STANDARD = "gnu++17";
				CLANG_CXX_LIBRARY = "libc++";
				CLANG_ENABLE_MODULES = YES;
				CLANG_ENABLE_OBJC_ARC = YES;
				CLANG_ENABLE_OBJC_WEAK = YES;
				CLANG_WARN_BLOCK_CAPTURE_AUTORELEASING = YES;
				CLANG_WARN_BOOL_CONVERSION = YES;
				CLANG_WARN_COMMA = YES;
				CLANG_WARN_CONSTANT_CONVERSION = YES;
				CLANG_WARN_DEPRECATED_OBJC_IMPLEMENTATIONS = YES;
				CLANG_WARN_DIRECT_OBJC_ISA_USAGE = YES_ERROR;
				CLANG_WARN_DOCUMENTATION_COMMENTS = YES;
				CLANG_WARN_EMPTY_BODY = YES;
				CLANG_WARN_ENUM_CONVERSION = YES;
				CLANG_WARN_INFINITE_RECURSION = YES;
				CLANG_WARN_INT_CONVERSION = YES;
				CLANG_WARN_NON_LITERAL_NULL_CONVERSION = YES;
				CLANG_WARN_OBJC_IMPLICIT_RETAIN_SELF = YES;
				CLANG_WARN_OBJC_LITERAL_CONVERSION = YES;
				CLANG_WARN_OBJC_ROOT_CLASS = YES_ERROR;
				CLANG_WARN_QUOTED_INCLUDE_IN_FRAMEWORK_HEADER = YES;
				CLANG_WARN_RANGE_LOOP_ANALYSIS = YES;
				CLANG_WARN_STRICT_PROTOTYPES = YES;
				CLANG_WARN_SUSPICIOUS_MOVE = YES;
				CLANG_WARN_UNGUARDED_AVAILABILITY = YES_AGGRESSIVE;
				CLANG_WARN_UNREACHABLE_CODE = YES;
				CLANG_WARN__DUPLICATE_METHOD_MATCH = YES;
				COPY_PHASE_STRIP = NO;
				DEBUG_INFORMATION_FORMAT = "dwarf-with-dsym";
				ENABLE_NS_ASSERTIONS = NO;
				ENABLE_STRICT_OBJC_MSGSEND = YES;
				GCC_C_LANGUAGE_STANDARD = gnu11;
				GCC_NO_COMMON_BLOCKS = YES;
				GCC_WARN_64_TO_32_BIT_CONVERSION = YES;
				GCC_WARN_ABOUT_RETURN_TYPE = YES_ERROR;
				GCC_WARN_UNDECLARED_SELECTOR = YES;
				GCC_WARN_UNINITIALIZED_AUTOS = YES_AGGRESSIVE;
				GCC_WARN_UNUSED_FUNCTION = YES;
				GCC_WARN_UNUSED_VARIABLE = YES;
				MTL_ENABLE_DEBUG_INFO = NO;
				MTL_FAST_MATH = YES;
				SWIFT_COMPILATION_MODE = wholemodule;
				SWIFT_OPTIMIZATION_LEVEL = "-O";
			};
			name = Release;
		};
		7DF3644D285201D0009DF727 /* Debug */ = {
			isa = XCBuildConfiguration;
			buildSettings = {
				ASSETCATALOG_COMPILER_APPICON_NAME = AppIcon;
				ASSETCATALOG_COMPILER_GLOBAL_ACCENT_COLOR_NAME = AccentColor;
				CODE_SIGN_STYLE = Automatic;
				CURRENT_PROJECT_VERSION = 1;
				DEVELOPMENT_TEAM = 7YGK5F8TG4;
				ENABLE_PREVIEWS = YES;
				GENERATE_INFOPLIST_FILE = YES;
				INFOPLIST_KEY_UIApplicationSceneManifest_Generation = YES;
				INFOPLIST_KEY_UIApplicationSupportsIndirectInputEvents = YES;
				INFOPLIST_KEY_UILaunchScreen_Generation = YES;
				INFOPLIST_KEY_UISupportedInterfaceOrientations_iPad = "UIInterfaceOrientationPortrait UIInterfaceOrientationPortraitUpsideDown UIInterfaceOrientationLandscapeLeft UIInterfaceOrientationLandscapeRight";
				INFOPLIST_KEY_UISupportedInterfaceOrientations_iPhone = "UIInterfaceOrientationPortrait UIInterfaceOrientationLandscapeLeft UIInterfaceOrientationLandscapeRight";
				IPHONEOS_DEPLOYMENT_TARGET = 15.2;
				LD_RUNPATH_SEARCH_PATHS = (
					"$(inherited)",
					"@executable_path/Frameworks",
				);
				MARKETING_VERSION = 1.0;
				PRODUCT_BUNDLE_IDENTIFIER = com.lrx0014.whois;
				PRODUCT_NAME = whois;
				SDKROOT = iphoneos;
				SWIFT_EMIT_LOC_STRINGS = YES;
				SWIFT_VERSION = 5.0;
				TARGETED_DEVICE_FAMILY = "1,2";
			};
			name = Debug;
		};
		7DF3644E285201D0009DF727 /* Release */ = {
			isa = XCBuildConfiguration;
			buildSettings = {
				ASSETCATALOG_COMPILER_APPICON_NAME = AppIcon;
				ASSETCATALOG_COMPILER_GLOBAL_ACCENT_COLOR_NAME = AccentColor;
				CODE_SIGN_STYLE = Automatic;
				CURRENT_PROJECT_VERSION = 1;
				DEVELOPMENT_TEAM = 7YGK5F8TG4;
				ENABLE_PREVIEWS = YES;
				GENERATE_INFOPLIST_FILE = YES;
				INFOPLIST_KEY_UIApplicationSceneManifest_Generation = YES;
				INFOPLIST_KEY_UIApplicationSupportsIndirectInputEvents = YES;
				INFOPLIST_KEY_UILaunchScreen_Generation = YES;
				INFOPLIST_KEY_UISupportedInterfaceOrientations_iPad = "UIInterfaceOrientationPortrait UIInterfaceOrientationPortraitUpsideDown UIInterfaceOrientationLandscapeLeft UIInterfaceOrientationLandscapeRight";
				INFOPLIST_KEY_UISupportedInterfaceOrientations_iPhone = "UIInterfaceOrientationPortrait UIInterfaceOrientationLandscapeLeft UIInterfaceOrientationLandscapeRight";
				IPHONEOS_DEPLOYMENT_TARGET = 15.2;
				LD_RUNPATH_SEARCH_PATHS = (
					"$(inherited)",
					"@executable_path/Frameworks",
				);
				MARKETING_VERSION = 1.0;
				PRODUCT_BUNDLE_IDENTIFIER = com.lrx0014.whois;
				PRODUCT_NAME = whois;
				SDKROOT = iphoneos;
				SWIFT_EMIT_LOC_STRINGS = YES;
				SWIFT_VERSION = 5.0;
				TARGETED_DEVICE_FAMILY = "1,2";
				VALIDATE_PRODUCT = YES;
			};
			name = Release;
		};
		7DF36450285201D0009DF727 /* Debug */ = {
			isa = XCBuildConfiguration;
			buildSettings = {
				ASSETCATALOG_COMPILER_APPICON_NAME = AppIcon;
				ASSETCATALOG_COMPILER_GLOBAL_ACCENT_COLOR_NAME = AccentColor;
				CODE_SIGN_ENTITLEMENTS = macOS/macOS.entitlements;
				CODE_SIGN_STYLE = Automatic;
				COMBINE_HIDPI_IMAGES = YES;
				CURRENT_PROJECT_VERSION = 1;
				DEVELOPMENT_TEAM = 7YGK5F8TG4;
				ENABLE_HARDENED_RUNTIME = YES;
				ENABLE_PREVIEWS = YES;
				GENERATE_INFOPLIST_FILE = YES;
				INFOPLIST_KEY_NSHumanReadableCopyright = "";
				LD_RUNPATH_SEARCH_PATHS = (
					"$(inherited)",
					"@executable_path/../Frameworks",
				);
				MACOSX_DEPLOYMENT_TARGET = 12.1;
				MARKETING_VERSION = 1.0;
				PRODUCT_BUNDLE_IDENTIFIER = com.lrx0014.whois;
				PRODUCT_NAME = whois;
				SDKROOT = macosx;
				SWIFT_EMIT_LOC_STRINGS = YES;
				SWIFT_VERSION = 5.0;
			};
			name = Debug;
		};
		7DF36451285201D0009DF727 /* Release */ = {
			isa = XCBuildConfiguration;
			buildSettings = {
				ASSETCATALOG_COMPILER_APPICON_NAME = AppIcon;
				ASSETCATALOG_COMPILER_GLOBAL_ACCENT_COLOR_NAME = AccentColor;
				CODE_SIGN_ENTITLEMENTS = macOS/macOS.entitlements;
				CODE_SIGN_STYLE = Automatic;
				COMBINE_HIDPI_IMAGES = YES;
				CURRENT_PROJECT_VERSION = 1;
				DEVELOPMENT_TEAM = 7YGK5F8TG4;
				ENABLE_HARDENED_RUNTIME = YES;
				ENABLE_PREVIEWS = YES;
				GENERATE_INFOPLIST_FILE = YES;
				INFOPLIST_KEY_NSHumanReadableCopyright = "";
				LD_RUNPATH_SEARCH_PATHS = (
					"$(inherited)",
					"@executable_path/../Frameworks",
				);
				MACOSX_DEPLOYMENT_TARGET = 12.1;
				MARKETING_VERSION = 1.0;
				PRODUCT_BUNDLE_IDENTIFIER = com.lrx0014.whois;
				PRODUCT_NAME = whois;
				SDKROOT = macosx;
				SWIFT_EMIT_LOC_STRINGS = YES;
				SWIFT_VERSION = 5.0;
			};
			name = Release;
		};
		7DF36453285201D0009DF727 /* Debug */ = {
			isa = XCBuildConfiguration;
			buildSettings = {
				ALWAYS_EMBED_SWIFT_STANDARD_LIBRARIES = YES;
				CODE_SIGN_STYLE = Automatic;
				CURRENT_PROJECT_VERSION = 1;
				DEVELOPMENT_TEAM = 7YGK5F8TG4;
				GENERATE_INFOPLIST_FILE = YES;
				IPHONEOS_DEPLOYMENT_TARGET = 15.2;
				MARKETING_VERSION = 1.0;
				PRODUCT_BUNDLE_IDENTIFIER = "com.lrx0014.Tests-iOS";
				PRODUCT_NAME = "$(TARGET_NAME)";
				SDKROOT = iphoneos;
				SWIFT_EMIT_LOC_STRINGS = NO;
				SWIFT_VERSION = 5.0;
				TARGETED_DEVICE_FAMILY = "1,2";
				TEST_TARGET_NAME = "whois (iOS)";
			};
			name = Debug;
		};
		7DF36454285201D0009DF727 /* Release */ = {
			isa = XCBuildConfiguration;
			buildSettings = {
				ALWAYS_EMBED_SWIFT_STANDARD_LIBRARIES = YES;
				CODE_SIGN_STYLE = Automatic;
				CURRENT_PROJECT_VERSION = 1;
				DEVELOPMENT_TEAM = 7YGK5F8TG4;
				GENERATE_INFOPLIST_FILE = YES;
				IPHONEOS_DEPLOYMENT_TARGET = 15.2;
				MARKETING_VERSION = 1.0;
				PRODUCT_BUNDLE_IDENTIFIER = "com.lrx0014.Tests-iOS";
				PRODUCT_NAME = "$(TARGET_NAME)";
				SDKROOT = iphoneos;
				SWIFT_EMIT_LOC_STRINGS = NO;
				SWIFT_VERSION = 5.0;
				TARGETED_DEVICE_FAMILY = "1,2";
				TEST_TARGET_NAME = "whois (iOS)";
				VALIDATE_PRODUCT = YES;
			};
			name = Release;
		};
		7DF36456285201D0009DF727 /* Debug */ = {
			isa = XCBuildConfiguration;
			buildSettings = {
				ALWAYS_EMBED_SWIFT_STANDARD_LIBRARIES = YES;
				CODE_SIGN_STYLE = Automatic;
				CURRENT_PROJECT_VERSION = 1;
				DEVELOPMENT_TEAM = 7YGK5F8TG4;
				GENERATE_INFOPLIST_FILE = YES;
				MACOSX_DEPLOYMENT_TARGET = 12.1;
				MARKETING_VERSION = 1.0;
				PRODUCT_BUNDLE_IDENTIFIER = "com.lrx0014.Tests-macOS";
				PRODUCT_NAME = "$(TARGET_NAME)";
				SDKROOT = macosx;
				SWIFT_EMIT_LOC_STRINGS = NO;
				SWIFT_VERSION = 5.0;
				TEST_TARGET_NAME = "whois (macOS)";
			};
			name = Debug;
		};
		7DF36457285201D0009DF727 /* Release */ = {
			isa = XCBuildConfiguration;
			buildSettings = {
				ALWAYS_EMBED_SWIFT_STANDARD_LIBRARIES = YES;
				CODE_SIGN_STYLE = Automatic;
				CURRENT_PROJECT_VERSION = 1;
				DEVELOPMENT_TEAM = 7YGK5F8TG4;
				GENERATE_INFOPLIST_FILE = YES;
				MACOSX_DEPLOYMENT_TARGET = 12.1;
				MARKETING_VERSION = 1.0;
				PRODUCT_BUNDLE_IDENTIFIER = "com.lrx0014.Tests-macOS";
				PRODUCT_NAME = "$(TARGET_NAME)";
				SDKROOT = macosx;
				SWIFT_EMIT_LOC_STRINGS = NO;
				SWIFT_VERSION = 5.0;
				TEST_TARGET_NAME = "whois (macOS)";
			};
			name = Release;
		};
/* End XCBuildConfiguration section */

/* Begin XCConfigurationList section */
		7DF3641A285201CE009DF727 /* Build configuration list for PBXProject "whois" */ = {
			isa = XCConfigurationList;
			buildConfigurations = (
				7DF3644A285201D0009DF727 /* Debug */,
				7DF3644B285201D0009DF727 /* Release */,
			);
			defaultConfigurationIsVisible = 0;
			defaultConfigurationName = Release;
		};
		7DF3644C285201D0009DF727 /* Build configuration list for PBXNativeTarget "whois (iOS)" */ = {
			isa = XCConfigurationList;
			buildConfigurations = (
				7DF3644D285201D0009DF727 /* Debug */,
				7DF3644E285201D0009DF727 /* Release */,
			);
			defaultConfigurationIsVisible = 0;
			defaultConfigurationName = Release;
		};
		7DF3644F285201D0009DF727 /* Build configuration list for PBXNativeTarget "whois (macOS)" */ = {
			isa = XCConfigurationList;
			buildConfigurations = (
				7DF36450285201D0009DF727 /* Debug */,
				7DF36451285201D0009DF727 /* Release */,
			);
			defaultConfigurationIsVisible = 0;
			defaultConfigurationName = Release;
		};
		7DF36452285201D0009DF727 /* Build configuration list for PBXNativeTarget "Tests iOS" */ = {
			isa = XCConfigurationList;
			buildConfigurations = (
				7DF36453285201D0009DF727 /* Debug */,
				7DF36454285201D0009DF727 /* Release */,
			);
			defaultConfigurationIsVisible = 0;
			defaultConfigurationName = Release;
		};
		7DF36455285201D0009DF727 /* Build configuration list for PBXNativeTarget "Tests macOS" */ = {
			isa = XCConfigurationList;
			buildConfigurations = (
				7DF36456285201D0009DF727 /* Debug */,
				7DF36457285201D0009DF727 /* Release */,
			);
			defaultConfigurationIsVisible = 0;
			defaultConfigurationName = Release;
		};
/* End XCConfigurationList section */
	};
	rootObject = 7DF36417285201CE009DF727 /* Project object */;
}
